
Microsoft Visual Studio Solution File, Format Version 12.00
# Visual Studio Version 17
VisualStudioVersion = 17.10.35004.147
MinimumVisualStudioVersion = 10.0.40219.1
Project("{FAE04EC0-301F-11D3-BF4B-00C04F79EFBC}") = "10.09.24_system_programming_processes", "10.09.24_system_programming_processes.csproj", "{D0D61663-458A-44D2-9A30-7B9CA46D4702}"
EndProject
Global
	GlobalSection(SolutionConfigurationPlatforms) = preSolution
		Debug|Any CPU = Debug|Any CPU
		Release|Any CPU = Release|Any CPU
	EndGlobalSection
	GlobalSection(ProjectConfigurationPlatforms) = postSolution
		{D0D61663-458A-44D2-9A30-7B9CA46D4702}.Debug|Any CPU.ActiveCfg = Debug|Any CPU
		{D0D61663-458A-44D2-9A30-7B9CA46D4702}.Debug|Any CPU.Build.0 = Debug|Any CPU
		{D0D61663-458A-44D2-9A30-7B9CA46D4702}.Release|Any CPU.ActiveCfg = Release|Any CPU
		{D0D61663-458A-44D2-9A30-7B9CA46D4702}.Release|Any CPU.Build.0 = Release|Any CPU
	EndGlobalSection
	GlobalSection(SolutionProperties) = preSolution
		HideSolutionNode = FALSE
	EndGlobalSection
	GlobalSection(ExtensibilityGlobals) = postSolution
		SolutionGuid = {12E3E85E-E746-468A-BB71-1CCD36E1818E}
	EndGlobalSection
EndGlobal
